{
  "name": "event-broker-mock-app",
  "lockfileVersion": 3,
  "requires": true,
  "packages": {
    "": {
      "name": "event-broker-mock-app",
      "dependencies": {
        "@cap-js/event-broker": ".."
      }
    },
    "..": {},
    "node_modules/@cap-js/event-broker": {
      "resolved": "..",
      "link": true
    }
  }
}
